{
  "version": 4,
  "terraform_version": "1.1.3",
  "serial": 27,
  "lineage": "21c332c3-80e1-50be-0795-9173cb067fc3",
  "outputs": {
    "printing_the_users": {
      "value": [
        "trinst4",
        "trinst5",
        "trinst6"
      ],
      "type": [
        "tuple",
        [
          "string",
          "string",
          "string"
        ]
      ]
    }
  },
  "resources": [
    {
      "mode": "managed",
      "type": "aws_iam_user",
      "name": "multipleusers",
      "provider": "provider[\"registry.terraform.io/hashicorp/aws\"]",
      "instances": [
        {
          "index_key": 0,
          "schema_version": 0,
          "attributes": {
            "arn": "arn:aws:iam::918860954768:user/trinst4",
            "force_destroy": false,
            "id": "trinst4",
            "name": "trinst4",
            "path": "/",
            "permissions_boundary": null,
            "tags": null,
            "tags_all": {},
            "unique_id": "AIDA5L4DBPSIB7MK3VWMG"
          },
          "sensitive_attributes": [],
          "private": "bnVsbA=="
        },
        {
          "index_key": 1,
          "schema_version": 0,
          "attributes": {
            "arn": "arn:aws:iam::918860954768:user/trinst5",
            "force_destroy": false,
            "id": "trinst5",
            "name": "trinst5",
            "path": "/",
            "permissions_boundary": null,
            "tags": null,
            "tags_all": {},
            "unique_id": "AIDA5L4DBPSIIGYWPRF77"
          },
          "sensitive_attributes": [],
          "private": "bnVsbA=="
        },
        {
          "index_key": 2,
          "schema_version": 0,
          "attributes": {
            "arn": "arn:aws:iam::918860954768:user/trinst6",
            "force_destroy": false,
            "id": "trinst6",
            "name": "trinst6",
            "path": "/",
            "permissions_boundary": null,
            "tags": null,
            "tags_all": {},
            "unique_id": "AIDA5L4DBPSILBXCN4Y23"
          },
          "sensitive_attributes": [],
          "private": "bnVsbA=="
        }
      ]
    }
  ]
}
